// !$*UTF8*$!
{
	archiveVersion = 1;
	classes = {
	};
	objectVersion = 55;
	objects = {

/* Begin PBXBuildFile section */
		C700F9802791D1CC00534E4A /* ProjectOrganizerApp.swift in Sources */ = {isa = PBXBuildFile; fileRef = C700F97F2791D1CC00534E4A /* ProjectOrganizerApp.swift */; };
		C700F9822791D1CC00534E4A /* ContentView.swift in Sources */ = {isa = PBXBuildFile; fileRef = C700F9812791D1CC00534E4A /* ContentView.swift */; };
		C700F9842791D1CD00534E4A /* Assets.xcassets in Resources */ = {isa = PBXBuildFile; fileRef = C700F9832791D1CD00534E4A /* Assets.xcassets */; };
		C700F9872791D1CD00534E4A /* Preview Assets.xcassets in Resources */ = {isa = PBXBuildFile; fileRef = C700F9862791D1CD00534E4A /* Preview Assets.xcassets */; };
		C74962962792F70C0062935C /* TabBar.swift in Sources */ = {isa = PBXBuildFile; fileRef = C74962952792F70C0062935C /* TabBar.swift */; };
		C74962982792F7960062935C /* Style.swift in Sources */ = {isa = PBXBuildFile; fileRef = C74962972792F7960062935C /* Style.swift */; };
		C749629A2792F7B10062935C /* Tab.swift in Sources */ = {isa = PBXBuildFile; fileRef = C74962992792F7B10062935C /* Tab.swift */; };
		C78A58C82794946E00367E26 /* ProjectHeaderView.swift in Sources */ = {isa = PBXBuildFile; fileRef = C78A58C72794946E00367E26 /* ProjectHeaderView.swift */; };
		C78A58CA2794A5D000367E26 /* Colors.xcassets in Resources */ = {isa = PBXBuildFile; fileRef = C78A58C92794A5D000367E26 /* Colors.xcassets */; };
		C79F790627931AE500124852 /* EditItemView.swift in Sources */ = {isa = PBXBuildFile; fileRef = C79F790527931AE500124852 /* EditItemView.swift */; };
		C79F7908279327C600124852 /* ItemRowView.swift in Sources */ = {isa = PBXBuildFile; fileRef = C79F7907279327C600124852 /* ItemRowView.swift */; };
		C79F790B27932A7600124852 /* Binding-OnChange.swift in Sources */ = {isa = PBXBuildFile; fileRef = C79F790A27932A7600124852 /* Binding-OnChange.swift */; };
		C7A9FBE52795788B00F1E2AA /* EditProjectView.swift in Sources */ = {isa = PBXBuildFile; fileRef = C7A9FBE42795788B00F1E2AA /* EditProjectView.swift */; };
		C7A9FBE727958EB800F1E2AA /* Sequence-Sorting.swift in Sources */ = {isa = PBXBuildFile; fileRef = C7A9FBE627958EB800F1E2AA /* Sequence-Sorting.swift */; };
		C7ABEDCF2791D4FD00DA48AB /* Main.xcdatamodeld in Sources */ = {isa = PBXBuildFile; fileRef = C7ABEDCD2791D4FD00DA48AB /* Main.xcdatamodeld */; };
		C7ABEDD22791D9E800DA48AB /* DataController.swift in Sources */ = {isa = PBXBuildFile; fileRef = C7ABEDD12791D9E800DA48AB /* DataController.swift */; };
		C7ABEDD42791F18C00DA48AB /* HomeView.swift in Sources */ = {isa = PBXBuildFile; fileRef = C7ABEDD32791F18C00DA48AB /* HomeView.swift */; };
		C7ABEDD62791F1E300DA48AB /* ProjectsView.swift in Sources */ = {isa = PBXBuildFile; fileRef = C7ABEDD52791F1E300DA48AB /* ProjectsView.swift */; };
		C7ABEDD92791FEA200DA48AB /* Item-CoreDataHelpers.swift in Sources */ = {isa = PBXBuildFile; fileRef = C7ABEDD82791FEA200DA48AB /* Item-CoreDataHelpers.swift */; };
		C7ABEDDB2791FF5300DA48AB /* Project-CoreDataHelpers.swift in Sources */ = {isa = PBXBuildFile; fileRef = C7ABEDDA2791FF5300DA48AB /* Project-CoreDataHelpers.swift */; };
		C7ABEDE4279212B500DA48AB /* ListViewComponents.swift in Sources */ = {isa = PBXBuildFile; fileRef = C7ABEDE3279212B500DA48AB /* ListViewComponents.swift */; };
/* End PBXBuildFile section */

/* Begin PBXFileReference section */
		C700F97C2791D1CC00534E4A /* ProjectOrganizer.app */ = {isa = PBXFileReference; explicitFileType = wrapper.application; includeInIndex = 0; path = ProjectOrganizer.app; sourceTree = BUILT_PRODUCTS_DIR; };
		C700F97F2791D1CC00534E4A /* ProjectOrganizerApp.swift */ = {isa = PBXFileReference; lastKnownFileType = sourcecode.swift; path = ProjectOrganizerApp.swift; sourceTree = "<group>"; };
		C700F9812791D1CC00534E4A /* ContentView.swift */ = {isa = PBXFileReference; lastKnownFileType = sourcecode.swift; path = ContentView.swift; sourceTree = "<group>"; };
		C700F9832791D1CD00534E4A /* Assets.xcassets */ = {isa = PBXFileReference; lastKnownFileType = folder.assetcatalog; path = Assets.xcassets; sourceTree = "<group>"; };
		C700F9862791D1CD00534E4A /* Preview Assets.xcassets */ = {isa = PBXFileReference; lastKnownFileType = folder.assetcatalog; path = "Preview Assets.xcassets"; sourceTree = "<group>"; };
		C74962952792F70C0062935C /* TabBar.swift */ = {isa = PBXFileReference; lastKnownFileType = sourcecode.swift; path = TabBar.swift; sourceTree = "<group>"; };
		C74962972792F7960062935C /* Style.swift */ = {isa = PBXFileReference; lastKnownFileType = sourcecode.swift; path = Style.swift; sourceTree = "<group>"; };
		C74962992792F7B10062935C /* Tab.swift */ = {isa = PBXFileReference; lastKnownFileType = sourcecode.swift; path = Tab.swift; sourceTree = "<group>"; };
		C78A58C72794946E00367E26 /* ProjectHeaderView.swift */ = {isa = PBXFileReference; lastKnownFileType = sourcecode.swift; path = ProjectHeaderView.swift; sourceTree = "<group>"; };
		C78A58C92794A5D000367E26 /* Colors.xcassets */ = {isa = PBXFileReference; lastKnownFileType = folder.assetcatalog; path = Colors.xcassets; sourceTree = "<group>"; };
		C79F790527931AE500124852 /* EditItemView.swift */ = {isa = PBXFileReference; lastKnownFileType = sourcecode.swift; path = EditItemView.swift; sourceTree = "<group>"; };
		C79F7907279327C600124852 /* ItemRowView.swift */ = {isa = PBXFileReference; lastKnownFileType = sourcecode.swift; path = ItemRowView.swift; sourceTree = "<group>"; };
		C79F790A27932A7600124852 /* Binding-OnChange.swift */ = {isa = PBXFileReference; lastKnownFileType = sourcecode.swift; path = "Binding-OnChange.swift"; sourceTree = "<group>"; };
		C7A9FBE42795788B00F1E2AA /* EditProjectView.swift */ = {isa = PBXFileReference; lastKnownFileType = sourcecode.swift; path = EditProjectView.swift; sourceTree = "<group>"; };
		C7A9FBE627958EB800F1E2AA /* Sequence-Sorting.swift */ = {isa = PBXFileReference; lastKnownFileType = sourcecode.swift; path = "Sequence-Sorting.swift"; sourceTree = "<group>"; };
		C7ABEDCE2791D4FD00DA48AB /* Main.xcdatamodel */ = {isa = PBXFileReference; lastKnownFileType = wrapper.xcdatamodel; path = Main.xcdatamodel; sourceTree = "<group>"; };
		C7ABEDD12791D9E800DA48AB /* DataController.swift */ = {isa = PBXFileReference; lastKnownFileType = sourcecode.swift; path = DataController.swift; sourceTree = "<group>"; };
		C7ABEDD32791F18C00DA48AB /* HomeView.swift */ = {isa = PBXFileReference; lastKnownFileType = sourcecode.swift; path = HomeView.swift; sourceTree = "<group>"; };
		C7ABEDD52791F1E300DA48AB /* ProjectsView.swift */ = {isa = PBXFileReference; lastKnownFileType = sourcecode.swift; path = ProjectsView.swift; sourceTree = "<group>"; };
		C7ABEDD82791FEA200DA48AB /* Item-CoreDataHelpers.swift */ = {isa = PBXFileReference; lastKnownFileType = sourcecode.swift; path = "Item-CoreDataHelpers.swift"; sourceTree = "<group>"; };
		C7ABEDDA2791FF5300DA48AB /* Project-CoreDataHelpers.swift */ = {isa = PBXFileReference; lastKnownFileType = sourcecode.swift; path = "Project-CoreDataHelpers.swift"; sourceTree = "<group>"; };
		C7ABEDE3279212B500DA48AB /* ListViewComponents.swift */ = {isa = PBXFileReference; lastKnownFileType = sourcecode.swift; path = ListViewComponents.swift; sourceTree = "<group>"; };
/* End PBXFileReference section */

/* Begin PBXFrameworksBuildPhase section */
		C700F9792791D1CC00534E4A /* Frameworks */ = {
			isa = PBXFrameworksBuildPhase;
			buildActionMask = 2147483647;
			files = (
			);
			runOnlyForDeploymentPostprocessing = 0;
		};
/* End PBXFrameworksBuildPhase section */

/* Begin PBXGroup section */
		C700F9732791D1CC00534E4A = {
			isa = PBXGroup;
			children = (
				C700F97E2791D1CC00534E4A /* ProjectOrganizer */,
				C700F97D2791D1CC00534E4A /* Products */,
			);
			sourceTree = "<group>";
		};
		C700F97D2791D1CC00534E4A /* Products */ = {
			isa = PBXGroup;
			children = (
				C700F97C2791D1CC00534E4A /* ProjectOrganizer.app */,
			);
			name = Products;
			sourceTree = "<group>";
		};
		C700F97E2791D1CC00534E4A /* ProjectOrganizer */ = {
			isa = PBXGroup;
			children = (
				C700F97F2791D1CC00534E4A /* ProjectOrganizerApp.swift */,
				C7ABEDCC2791D4EE00DA48AB /* Views */,
				C7ABEDD02791D9D600DA48AB /* ViewModel */,
				C75D9EA12793692F009148EA /* Models */,
				C7ABEDD72791FE8900DA48AB /* Helpers */,
				C79F790927932A6200124852 /* Extensions */,
				C7ABEDCB2791D4E000DA48AB /* MainData */,
				C700F9832791D1CD00534E4A /* Assets.xcassets */,
				C78A58C92794A5D000367E26 /* Colors.xcassets */,
				C700F9852791D1CD00534E4A /* Preview Content */,
			);
			path = ProjectOrganizer;
			sourceTree = "<group>";
		};
		C700F9852791D1CD00534E4A /* Preview Content */ = {
			isa = PBXGroup;
			children = (
				C700F9862791D1CD00534E4A /* Preview Assets.xcassets */,
			);
			path = "Preview Content";
			sourceTree = "<group>";
		};
		C75D9EA12793692F009148EA /* Models */ = {
			isa = PBXGroup;
			children = (
				C74962992792F7B10062935C /* Tab.swift */,
			);
			path = Models;
			sourceTree = "<group>";
		};
		C79F790927932A6200124852 /* Extensions */ = {
			isa = PBXGroup;
			children = (
				C79F790A27932A7600124852 /* Binding-OnChange.swift */,
				C7A9FBE627958EB800F1E2AA /* Sequence-Sorting.swift */,
			);
			path = Extensions;
			sourceTree = "<group>";
		};
		C7ABEDCB2791D4E000DA48AB /* MainData */ = {
			isa = PBXGroup;
			children = (
				C7ABEDCD2791D4FD00DA48AB /* Main.xcdatamodeld */,
			);
			path = MainData;
			sourceTree = "<group>";
		};
		C7ABEDCC2791D4EE00DA48AB /* Views */ = {
			isa = PBXGroup;
			children = (
				C700F9812791D1CC00534E4A /* ContentView.swift */,
				C74962952792F70C0062935C /* TabBar.swift */,
				C7ABEDDC279210EB00DA48AB /* Components */,
				C7ABEDD32791F18C00DA48AB /* HomeView.swift */,
				C7ABEDD52791F1E300DA48AB /* ProjectsView.swift */,
				C79F790527931AE500124852 /* EditItemView.swift */,
				C7A9FBE42795788B00F1E2AA /* EditProjectView.swift */,
				C78A58C72794946E00367E26 /* ProjectHeaderView.swift */,
				C79F7907279327C600124852 /* ItemRowView.swift */,
			);
			path = Views;
			sourceTree = "<group>";
		};
		C7ABEDD02791D9D600DA48AB /* ViewModel */ = {
			isa = PBXGroup;
			children = (
				C7ABEDD12791D9E800DA48AB /* DataController.swift */,
			);
			path = ViewModel;
			sourceTree = "<group>";
		};
		C7ABEDD72791FE8900DA48AB /* Helpers */ = {
			isa = PBXGroup;
			children = (
				C7ABEDD82791FEA200DA48AB /* Item-CoreDataHelpers.swift */,
				C7ABEDDA2791FF5300DA48AB /* Project-CoreDataHelpers.swift */,
			);
			path = Helpers;
			sourceTree = "<group>";
		};
		C7ABEDDC279210EB00DA48AB /* Components */ = {
			isa = PBXGroup;
			children = (
				C7ABEDE3279212B500DA48AB /* ListViewComponents.swift */,
				C74962972792F7960062935C /* Style.swift */,
			);
			path = Components;
			sourceTree = "<group>";
		};
/* End PBXGroup section */

/* Begin PBXNativeTarget section */
		C700F97B2791D1CC00534E4A /* ProjectOrganizer */ = {
			isa = PBXNativeTarget;
			buildConfigurationList = C700F98A2791D1CD00534E4A /* Build configuration list for PBXNativeTarget "ProjectOrganizer" */;
			buildPhases = (
				C700F9782791D1CC00534E4A /* Sources */,
				C700F9792791D1CC00534E4A /* Frameworks */,
				C700F97A2791D1CC00534E4A /* Resources */,
			);
			buildRules = (
			);
			dependencies = (
			);
			name = ProjectOrganizer;
			productName = ProjectOrganizer;
			productReference = C700F97C2791D1CC00534E4A /* ProjectOrganizer.app */;
			productType = "com.apple.product-type.application";
		};
/* End PBXNativeTarget section */

/* Begin PBXProject section */
		C700F9742791D1CC00534E4A /* Project object */ = {
			isa = PBXProject;
			attributes = {
				BuildIndependentTargetsInParallel = 1;
				LastSwiftUpdateCheck = 1320;
				LastUpgradeCheck = 1320;
				TargetAttributes = {
					C700F97B2791D1CC00534E4A = {
						CreatedOnToolsVersion = 13.2.1;
					};
				};
			};
			buildConfigurationList = C700F9772791D1CC00534E4A /* Build configuration list for PBXProject "ProjectOrganizer" */;
			compatibilityVersion = "Xcode 13.0";
			developmentRegion = en;
			hasScannedForEncodings = 0;
			knownRegions = (
				en,
				Base,
			);
			mainGroup = C700F9732791D1CC00534E4A;
			productRefGroup = C700F97D2791D1CC00534E4A /* Products */;
			projectDirPath = "";
			projectRoot = "";
			targets = (
				C700F97B2791D1CC00534E4A /* ProjectOrganizer */,
			);
		};
/* End PBXProject section */

/* Begin PBXResourcesBuildPhase section */
		C700F97A2791D1CC00534E4A /* Resources */ = {
			isa = PBXResourcesBuildPhase;
			buildActionMask = 2147483647;
			files = (
				C78A58CA2794A5D000367E26 /* Colors.xcassets in Resources */,
				C700F9872791D1CD00534E4A /* Preview Assets.xcassets in Resources */,
				C700F9842791D1CD00534E4A /* Assets.xcassets in Resources */,
			);
			runOnlyForDeploymentPostprocessing = 0;
		};
/* End PBXResourcesBuildPhase section */

/* Begin PBXSourcesBuildPhase section */
		C700F9782791D1CC00534E4A /* Sources */ = {
			isa = PBXSourcesBuildPhase;
			buildActionMask = 2147483647;
			files = (
				C79F7908279327C600124852 /* ItemRowView.swift in Sources */,
				C7ABEDD62791F1E300DA48AB /* ProjectsView.swift in Sources */,
				C7ABEDCF2791D4FD00DA48AB /* Main.xcdatamodeld in Sources */,
				C7A9FBE727958EB800F1E2AA /* Sequence-Sorting.swift in Sources */,
				C7ABEDDB2791FF5300DA48AB /* Project-CoreDataHelpers.swift in Sources */,
				C749629A2792F7B10062935C /* Tab.swift in Sources */,
				C7ABEDD22791D9E800DA48AB /* DataController.swift in Sources */,
				C700F9822791D1CC00534E4A /* ContentView.swift in Sources */,
				C7ABEDD42791F18C00DA48AB /* HomeView.swift in Sources */,
				C74962962792F70C0062935C /* TabBar.swift in Sources */,
				C7ABEDE4279212B500DA48AB /* ListViewComponents.swift in Sources */,
				C7A9FBE52795788B00F1E2AA /* EditProjectView.swift in Sources */,
				C79F790B27932A7600124852 /* Binding-OnChange.swift in Sources */,
				C79F790627931AE500124852 /* EditItemView.swift in Sources */,
				C700F9802791D1CC00534E4A /* ProjectOrganizerApp.swift in Sources */,
				C78A58C82794946E00367E26 /* ProjectHeaderView.swift in Sources */,
				C7ABEDD92791FEA200DA48AB /* Item-CoreDataHelpers.swift in Sources */,
				C74962982792F7960062935C /* Style.swift in Sources */,
			);
			runOnlyForDeploymentPostprocessing = 0;
		};
/* End PBXSourcesBuildPhase section */

/* Begin XCBuildConfiguration section */
		C700F9882791D1CD00534E4A /* Debug */ = {
			isa = XCBuildConfiguration;
			buildSettings = {
				ALWAYS_SEARCH_USER_PATHS = NO;
				CLANG_ANALYZER_NONNULL = YES;
				CLANG_ANALYZER_NUMBER_OBJECT_CONVERSION = YES_AGGRESSIVE;
				CLANG_CXX_LANGUAGE_STANDARD = "gnu++17";
				CLANG_CXX_LIBRARY = "libc++";
				CLANG_ENABLE_MODULES = YES;
				CLANG_ENABLE_OBJC_ARC = YES;
				CLANG_ENABLE_OBJC_WEAK = YES;
				CLANG_WARN_BLOCK_CAPTURE_AUTORELEASING = YES;
				CLANG_WARN_BOOL_CONVERSION = YES;
				CLANG_WARN_COMMA = YES;
				CLANG_WARN_CONSTANT_CONVERSION = YES;
				CLANG_WARN_DEPRECATED_OBJC_IMPLEMENTATIONS = YES;
				CLANG_WARN_DIRECT_OBJC_ISA_USAGE = YES_ERROR;
				CLANG_WARN_DOCUMENTATION_COMMENTS = YES;
				CLANG_WARN_EMPTY_BODY = YES;
				CLANG_WARN_ENUM_CONVERSION = YES;
				CLANG_WARN_INFINITE_RECURSION = YES;
				CLANG_WARN_INT_CONVERSION = YES;
				CLANG_WARN_NON_LITERAL_NULL_CONVERSION = YES;
				CLANG_WARN_OBJC_IMPLICIT_RETAIN_SELF = YES;
				CLANG_WARN_OBJC_LITERAL_CONVERSION = YES;
				CLANG_WARN_OBJC_ROOT_CLASS = YES_ERROR;
				CLANG_WARN_QUOTED_INCLUDE_IN_FRAMEWORK_HEADER = YES;
				CLANG_WARN_RANGE_LOOP_ANALYSIS = YES;
				CLANG_WARN_STRICT_PROTOTYPES = YES;
				CLANG_WARN_SUSPICIOUS_MOVE = YES;
				CLANG_WARN_UNGUARDED_AVAILABILITY = YES_AGGRESSIVE;
				CLANG_WARN_UNREACHABLE_CODE = YES;
				CLANG_WARN__DUPLICATE_METHOD_MATCH = YES;
				COPY_PHASE_STRIP = NO;
				DEBUG_INFORMATION_FORMAT = dwarf;
				ENABLE_STRICT_OBJC_MSGSEND = YES;
				ENABLE_TESTABILITY = YES;
				GCC_C_LANGUAGE_STANDARD = gnu11;
				GCC_DYNAMIC_NO_PIC = NO;
				GCC_NO_COMMON_BLOCKS = YES;
				GCC_OPTIMIZATION_LEVEL = 0;
				GCC_PREPROCESSOR_DEFINITIONS = (
					"DEBUG=1",
					"$(inherited)",
				);
				GCC_WARN_64_TO_32_BIT_CONVERSION = YES;
				GCC_WARN_ABOUT_RETURN_TYPE = YES_ERROR;
				GCC_WARN_UNDECLARED_SELECTOR = YES;
				GCC_WARN_UNINITIALIZED_AUTOS = YES_AGGRESSIVE;
				GCC_WARN_UNUSED_FUNCTION = YES;
				GCC_WARN_UNUSED_VARIABLE = YES;
				IPHONEOS_DEPLOYMENT_TARGET = 15.2;
				MTL_ENABLE_DEBUG_INFO = INCLUDE_SOURCE;
				MTL_FAST_MATH = YES;
				ONLY_ACTIVE_ARCH = YES;
				SDKROOT = iphoneos;
				SWIFT_ACTIVE_COMPILATION_CONDITIONS = DEBUG;
				SWIFT_OPTIMIZATION_LEVEL = "-Onone";
			};
			name = Debug;
		};
		C700F9892791D1CD00534E4A /* Release */ = {
			isa = XCBuildConfiguration;
			buildSettings = {
				ALWAYS_SEARCH_USER_PATHS = NO;
				CLANG_ANALYZER_NONNULL = YES;
				CLANG_ANALYZER_NUMBER_OBJECT_CONVERSION = YES_AGGRESSIVE;
				CLANG_CXX_LANGUAGE_STANDARD = "gnu++17";
				CLANG_CXX_LIBRARY = "libc++";
				CLANG_ENABLE_MODULES = YES;
				CLANG_ENABLE_OBJC_ARC = YES;
				CLANG_ENABLE_OBJC_WEAK = YES;
				CLANG_WARN_BLOCK_CAPTURE_AUTORELEASING = YES;
				CLANG_WARN_BOOL_CONVERSION = YES;
				CLANG_WARN_COMMA = YES;
				CLANG_WARN_CONSTANT_CONVERSION = YES;
				CLANG_WARN_DEPRECATED_OBJC_IMPLEMENTATIONS = YES;
				CLANG_WARN_DIRECT_OBJC_ISA_USAGE = YES_ERROR;
				CLANG_WARN_DOCUMENTATION_COMMENTS = YES;
				CLANG_WARN_EMPTY_BODY = YES;
				CLANG_WARN_ENUM_CONVERSION = YES;
				CLANG_WARN_INFINITE_RECURSION = YES;
				CLANG_WARN_INT_CONVERSION = YES;
				CLANG_WARN_NON_LITERAL_NULL_CONVERSION = YES;
				CLANG_WARN_OBJC_IMPLICIT_RETAIN_SELF = YES;
				CLANG_WARN_OBJC_LITERAL_CONVERSION = YES;
				CLANG_WARN_OBJC_ROOT_CLASS = YES_ERROR;
				CLANG_WARN_QUOTED_INCLUDE_IN_FRAMEWORK_HEADER = YES;
				CLANG_WARN_RANGE_LOOP_ANALYSIS = YES;
				CLANG_WARN_STRICT_PROTOTYPES = YES;
				CLANG_WARN_SUSPICIOUS_MOVE = YES;
				CLANG_WARN_UNGUARDED_AVAILABILITY = YES_AGGRESSIVE;
				CLANG_WARN_UNREACHABLE_CODE = YES;
				CLANG_WARN__DUPLICATE_METHOD_MATCH = YES;
				COPY_PHASE_STRIP = NO;
				DEBUG_INFORMATION_FORMAT = "dwarf-with-dsym";
				ENABLE_NS_ASSERTIONS = NO;
				ENABLE_STRICT_OBJC_MSGSEND = YES;
				GCC_C_LANGUAGE_STANDARD = gnu11;
				GCC_NO_COMMON_BLOCKS = YES;
				GCC_WARN_64_TO_32_BIT_CONVERSION = YES;
				GCC_WARN_ABOUT_RETURN_TYPE = YES_ERROR;
				GCC_WARN_UNDECLARED_SELECTOR = YES;
				GCC_WARN_UNINITIALIZED_AUTOS = YES_AGGRESSIVE;
				GCC_WARN_UNUSED_FUNCTION = YES;
				GCC_WARN_UNUSED_VARIABLE = YES;
				IPHONEOS_DEPLOYMENT_TARGET = 15.2;
				MTL_ENABLE_DEBUG_INFO = NO;
				MTL_FAST_MATH = YES;
				SDKROOT = iphoneos;
				SWIFT_COMPILATION_MODE = wholemodule;
				SWIFT_OPTIMIZATION_LEVEL = "-O";
				VALIDATE_PRODUCT = YES;
			};
			name = Release;
		};
		C700F98B2791D1CD00534E4A /* Debug */ = {
			isa = XCBuildConfiguration;
			buildSettings = {
				ASSETCATALOG_COMPILER_APPICON_NAME = AppIcon;
				ASSETCATALOG_COMPILER_GLOBAL_ACCENT_COLOR_NAME = AccentColor;
				CODE_SIGN_STYLE = Automatic;
				CURRENT_PROJECT_VERSION = 1;
				DEVELOPMENT_ASSET_PATHS = "\"ProjectOrganizer/Preview Content\"";
				ENABLE_PREVIEWS = YES;
				GENERATE_INFOPLIST_FILE = YES;
				INFOPLIST_KEY_UIApplicationSceneManifest_Generation = YES;
				INFOPLIST_KEY_UIApplicationSupportsIndirectInputEvents = YES;
				INFOPLIST_KEY_UILaunchScreen_Generation = YES;
				INFOPLIST_KEY_UISupportedInterfaceOrientations_iPad = "UIInterfaceOrientationPortrait UIInterfaceOrientationPortraitUpsideDown UIInterfaceOrientationLandscapeLeft UIInterfaceOrientationLandscapeRight";
				INFOPLIST_KEY_UISupportedInterfaceOrientations_iPhone = "UIInterfaceOrientationPortrait UIInterfaceOrientationLandscapeLeft UIInterfaceOrientationLandscapeRight";
				LD_RUNPATH_SEARCH_PATHS = (
					"$(inherited)",
					"@executable_path/Frameworks",
				);
				MARKETING_VERSION = 1.0;
				PRODUCT_BUNDLE_IDENTIFIER = com.isifip.ProjectOrganizer;
				PRODUCT_NAME = "$(TARGET_NAME)";
				SWIFT_EMIT_LOC_STRINGS = YES;
				SWIFT_VERSION = 5.0;
				TARGETED_DEVICE_FAMILY = "1,2";
			};
			name = Debug;
		};
		C700F98C2791D1CD00534E4A /* Release */ = {
			isa = XCBuildConfiguration;
			buildSettings = {
				ASSETCATALOG_COMPILER_APPICON_NAME = AppIcon;
				ASSETCATALOG_COMPILER_GLOBAL_ACCENT_COLOR_NAME = AccentColor;
				CODE_SIGN_STYLE = Automatic;
				CURRENT_PROJECT_VERSION = 1;
				DEVELOPMENT_ASSET_PATHS = "\"ProjectOrganizer/Preview Content\"";
				ENABLE_PREVIEWS = YES;
				GENERATE_INFOPLIST_FILE = YES;
				INFOPLIST_KEY_UIApplicationSceneManifest_Generation = YES;
				INFOPLIST_KEY_UIApplicationSupportsIndirectInputEvents = YES;
				INFOPLIST_KEY_UILaunchScreen_Generation = YES;
				INFOPLIST_KEY_UISupportedInterfaceOrientations_iPad = "UIInterfaceOrientationPortrait UIInterfaceOrientationPortraitUpsideDown UIInterfaceOrientationLandscapeLeft UIInterfaceOrientationLandscapeRight";
				INFOPLIST_KEY_UISupportedInterfaceOrientations_iPhone = "UIInterfaceOrientationPortrait UIInterfaceOrientationLandscapeLeft UIInterfaceOrientationLandscapeRight";
				LD_RUNPATH_SEARCH_PATHS = (
					"$(inherited)",
					"@executable_path/Frameworks",
				);
				MARKETING_VERSION = 1.0;
				PRODUCT_BUNDLE_IDENTIFIER = com.isifip.ProjectOrganizer;
				PRODUCT_NAME = "$(TARGET_NAME)";
				SWIFT_EMIT_LOC_STRINGS = YES;
				SWIFT_VERSION = 5.0;
				TARGETED_DEVICE_FAMILY = "1,2";
			};
			name = Release;
		};
/* End XCBuildConfiguration section */

/* Begin XCConfigurationList section */
		C700F9772791D1CC00534E4A /* Build configuration list for PBXProject "ProjectOrganizer" */ = {
			isa = XCConfigurationList;
			buildConfigurations = (
				C700F9882791D1CD00534E4A /* Debug */,
				C700F9892791D1CD00534E4A /* Release */,
			);
			defaultConfigurationIsVisible = 0;
			defaultConfigurationName = Release;
		};
		C700F98A2791D1CD00534E4A /* Build configuration list for PBXNativeTarget "ProjectOrganizer" */ = {
			isa = XCConfigurationList;
			buildConfigurations = (
				C700F98B2791D1CD00534E4A /* Debug */,
				C700F98C2791D1CD00534E4A /* Release */,
			);
			defaultConfigurationIsVisible = 0;
			defaultConfigurationName = Release;
		};
/* End XCConfigurationList section */

/* Begin XCVersionGroup section */
		C7ABEDCD2791D4FD00DA48AB /* Main.xcdatamodeld */ = {
			isa = XCVersionGroup;
			children = (
				C7ABEDCE2791D4FD00DA48AB /* Main.xcdatamodel */,
			);
			currentVersion = C7ABEDCE2791D4FD00DA48AB /* Main.xcdatamodel */;
			path = Main.xcdatamodeld;
			sourceTree = "<group>";
			versionGroupType = wrapper.xcdatamodel;
		};
/* End XCVersionGroup section */
	};
	rootObject = C700F9742791D1CC00534E4A /* Project object */;
}
